{
  "name": "bim-fragment-worker",
  "version": "0.1.0",
  "lockfileVersion": 3,
  "requires": true,
  "packages": {
    "": {
      "name": "bim-fragment-worker",
      "version": "0.1.0",
      "dependencies": {
        "@thatopen/fragments": "3.0.9",
        "web-ifc": "0.0.68"
      },
      "engines": {
        "node": ">=22"
      }
    },
    "node_modules/@thatopen/fragments": {
      "version": "3.0.9",
      "resolved": "https://registry.npmjs.org/@thatopen/fragments/-/fragments-3.0.9.tgz",
      "integrity": "sha512-Of+NeuCNZbelRNy7lAswKp+yhJH3rgkiRrif6i5Ccpk9at8m0LX3pS71SoGawK40N3fmme0xRYvfoS8JVzuOdA==",
      "license": "MIT",
      "dependencies": {
        "flatbuffers": "25.2.10",
        "lru-cache": "11.1.0",
        "pako": "2.1.0"
      },
      "peerDependencies": {
        "three": ">=0.175.0",
        "web-ifc": "0.0.68"
      }
    },
    "node_modules/flatbuffers": {
      "version": "25.2.10",
      "resolved": "https://registry.npmjs.org/flatbuffers/-/flatbuffers-25.2.10.tgz",
      "integrity": "sha512-7JlN9ZvLDG1McO3kbX0k4v+SUAg48L1rIwEvN6ZQl/eCtgJz9UylTMzE9wrmYrcorgxm3CX/3T/w5VAub99UUw==",
      "license": "Apache-2.0"
    },
    "node_modules/glm": {
      "version": "1.0.0",
      "resolved": "https://registry.npmjs.org/glm/-/glm-1.0.0.tgz",
      "integrity": "sha512-9/ubsXH/3w4pWunc1b3iVY9O/avtwt0kiEM07lydjASWI6CC4oFJHPURlpn8KuluDRlSHwNH6FlHFc5P1SBiJQ==",
      "engines": {
        "node": "*"
      }
    },
    "node_modules/lru-cache": {
      "version": "11.1.0",
      "resolved": "https://registry.npmjs.org/lru-cache/-/lru-cache-11.1.0.tgz",
      "integrity": "sha512-QIXZUBJUx+2zHUdQujWejBkcD9+cs94tLn0+YL8UrCh+D5sCXZ4c7LaEH48pNwRY3MLDgqUFyhlCyjJPf1WP0A==",
      "license": "ISC",
      "engines": {
        "node": "20 || >=22"
      }
    },
    "node_modules/pako": {
      "version": "2.1.0",
      "resolved": "https://registry.npmjs.org/pako/-/pako-2.1.0.tgz",
      "integrity": "sha512-w+eufiZ1WuJYgPXbV/PO3NCMEc3xqylkKHzp8bxp1uW4qaSNQUkwmLLEc3kKsfz8lpV1F8Ht3U1Cm+9Srog2ug==",
      "license": "(MIT AND Zlib)"
    },
    "node_modules/three": {
      "version": "0.184.0",
      "resolved": "https://registry.npmjs.org/three/-/three-0.184.0.tgz",
      "integrity": "sha512-wtTRjG92pM5eUg/KuUnHsqSAlPM296brTOcLgMRqEeylYTh/CdtvKUvCyyCQTzFuStieWxvZb8mVTMvdPyUpxg==",
      "license": "MIT",
      "peer": true
    },
    "node_modules/web-ifc": {
      "version": "0.0.68",
      "resolved": "https://registry.npmjs.org/web-ifc/-/web-ifc-0.0.68.tgz",
      "integrity": "sha512-SqAmmwpultii8lQZoFvn2vnusW4tRVaed8GJNGuh8EenFMPe4x0g6NIXGu+5eBrXsiV+AaOdwjmOKTHEGXM4Gg==",
      "dependencies": {
        "glm": "^1.0.0"
      }
    }
  }
}
